PODS:
  - Alamofire (5.0.2)
  - IQKeyboardManager (6.5.5)
  - NVActivityIndicatorView (4.8.0):
    - NVActivityIndicatorView/Presenter (= 4.8.0)
  - NVActivityIndicatorView/Presenter (4.8.0)
  - SwiftMessages (7.0.1):
    - SwiftMessages/App (= 7.0.1)
  - SwiftMessages/App (7.0.1)

DEPENDENCIES:
  - Alamofire
  - IQKeyboardManager
  - NVActivityIndicatorView
  - SwiftMessages

SPEC REPOS:
  trunk:
    - Alamofire
    - IQKeyboardManager
    - NVActivityIndicatorView
    - SwiftMessages

SPEC CHECKSUMS:
  Alamofire: 3ba7a4db18b4f62c4a1c0e1cb39d7f3d52e10ada
  IQKeyboardManager: 3a8b9e603f8b0eeaf5f096a1f2b2cfcf121992ef
  NVActivityIndicatorView: d24b7ebcf80af5dcd994adb650e2b6c93379270f
  SwiftMessages: b577dc7043be8b299857ab35bb663dbff6483bd0

PODFILE CHECKSUM: aeef2aa20dbb76791a654eade68496ab65560170

COCOAPODS: 1.9.0
